
Microsoft Visual Studio Solution File, Format Version 12.00
# Visual Studio Version 17
VisualStudioVersion = 17.13.36105.23 d17.13
MinimumVisualStudioVersion = 10.0.40219.1
Project("{FAE04EC0-301F-11D3-BF4B-00C04F79EFBC}") = "RemoteControlLight", "RemoteControlLight\RemoteControlLight.csproj", "{6CEDC80F-57D4-457F-A0AD-DE418CE41B10}"
EndProject
Global
	GlobalSection(SolutionConfigurationPlatforms) = preSolution
		Debug|Any CPU = Debug|Any CPU
		Release|Any CPU = Release|Any CPU
	EndGlobalSection
	GlobalSection(ProjectConfigurationPlatforms) = postSolution
		{6CEDC80F-57D4-457F-A0AD-DE418CE41B10}.Debug|Any CPU.ActiveCfg = Debug|Any CPU
		{6CEDC80F-57D4-457F-A0AD-DE418CE41B10}.Debug|Any CPU.Build.0 = Debug|Any CPU
		{6CEDC80F-57D4-457F-A0AD-DE418CE41B10}.Release|Any CPU.ActiveCfg = Release|Any CPU
		{6CEDC80F-57D4-457F-A0AD-DE418CE41B10}.Release|Any CPU.Build.0 = Release|Any CPU
	EndGlobalSection
	GlobalSection(SolutionProperties) = preSolution
		HideSolutionNode = FALSE
	EndGlobalSection
	GlobalSection(ExtensibilityGlobals) = postSolution
		SolutionGuid = {49AF8345-46E7-4475-8A5C-462CE3487DAB}
	EndGlobalSection
EndGlobal
