
Microsoft Visual Studio Solution File, Format Version 12.00
# Visual Studio Version 17
VisualStudioVersion = 17.13.35818.85 d17.13
MinimumVisualStudioVersion = 10.0.40219.1
Project("{FAE04EC0-301F-11D3-BF4B-00C04F79EFBC}") = "Timer", "Timer\Timer.csproj", "{B018FF94-867A-4339-A0C4-690B173D45B0}"
EndProject
Global
	GlobalSection(SolutionConfigurationPlatforms) = preSolution
		Debug|Any CPU = Debug|Any CPU
		Release|Any CPU = Release|Any CPU
	EndGlobalSection
	GlobalSection(ProjectConfigurationPlatforms) = postSolution
		{B018FF94-867A-4339-A0C4-690B173D45B0}.Debug|Any CPU.ActiveCfg = Debug|Any CPU
		{B018FF94-867A-4339-A0C4-690B173D45B0}.Debug|Any CPU.Build.0 = Debug|Any CPU
		{B018FF94-867A-4339-A0C4-690B173D45B0}.Release|Any CPU.ActiveCfg = Release|Any CPU
		{B018FF94-867A-4339-A0C4-690B173D45B0}.Release|Any CPU.Build.0 = Release|Any CPU
	EndGlobalSection
	GlobalSection(SolutionProperties) = preSolution
		HideSolutionNode = FALSE
	EndGlobalSection
	GlobalSection(ExtensibilityGlobals) = postSolution
		SolutionGuid = {C4F7F1C9-54DD-44E6-A0C4-9E558C9DF5F4}
	EndGlobalSection
EndGlobal
