
Microsoft Visual Studio Solution File, Format Version 12.00
# Visual Studio Version 17
VisualStudioVersion = 17.13.35818.85 d17.13
MinimumVisualStudioVersion = 10.0.40219.1
Project("{FAE04EC0-301F-11D3-BF4B-00C04F79EFBC}") = "RobotAssembler", "RobotAssembler\RobotAssembler.csproj", "{4E94B9CD-81B7-49FE-B777-ABEF4624BB31}"
EndProject
Global
	GlobalSection(SolutionConfigurationPlatforms) = preSolution
		Debug|Any CPU = Debug|Any CPU
		Release|Any CPU = Release|Any CPU
	EndGlobalSection
	GlobalSection(ProjectConfigurationPlatforms) = postSolution
		{4E94B9CD-81B7-49FE-B777-ABEF4624BB31}.Debug|Any CPU.ActiveCfg = Debug|Any CPU
		{4E94B9CD-81B7-49FE-B777-ABEF4624BB31}.Debug|Any CPU.Build.0 = Debug|Any CPU
		{4E94B9CD-81B7-49FE-B777-ABEF4624BB31}.Release|Any CPU.ActiveCfg = Release|Any CPU
		{4E94B9CD-81B7-49FE-B777-ABEF4624BB31}.Release|Any CPU.Build.0 = Release|Any CPU
	EndGlobalSection
	GlobalSection(SolutionProperties) = preSolution
		HideSolutionNode = FALSE
	EndGlobalSection
	GlobalSection(ExtensibilityGlobals) = postSolution
		SolutionGuid = {FCFD2BD3-9261-49F7-BD79-22FBE683F060}
	EndGlobalSection
EndGlobal
